
Microsoft Visual Studio Solution File, Format Version 12.00
Project("{2150E333-8FDC-42A3-9474-1A3956D46DE8}") = "src", "src", "{82D4E60C-3439-4931-B15C-4B2215A7195B}"
EndProject
Project("{FAE04EC0-301F-11D3-BF4B-00C04F79EFBC}") = "Map.Core", "Map.Core\Map.Core.csproj", "{82622622-A87D-41B2-ACF6-EBBA64008429}"
EndProject
Project("{2150E333-8FDC-42A3-9474-1A3956D46DE8}") = "tests", "tests", "{4BE95F45-B80C-42B1-9315-EE6C5ACBAFB7}"
EndProject
Project("{FAE04EC0-301F-11D3-BF4B-00C04F79EFBC}") = "Map.Core.Tests", "Map.Core.Tests\Map.Core.Tests.csproj", "{34210D09-66B4-4BE6-9279-617D0BBA71A0}"
EndProject
Project("{FAE04EC0-301F-11D3-BF4B-00C04F79EFBC}") = "Map.Tests", "Map.Tests\Map.Tests.csproj", "{89775E07-A478-47B4-879D-722129FBDE91}"
EndProject
Project("{FAE04EC0-301F-11D3-BF4B-00C04F79EFBC}") = "Map.Network", "Map.Network\Map.Network.csproj", "{3FC42D0F-4204-452D-A504-16B18A658539}"
EndProject
Project("{FAE04EC0-301F-11D3-BF4B-00C04F79EFBC}") = "Map.Client", "Map.Client\Map.Client.csproj", "{1EAE346D-F78E-4E86-BBFF-5DF28755E1D1}"
EndProject
Project("{FAE04EC0-301F-11D3-BF4B-00C04F79EFBC}") = "Map.Shared", "Map.Shared\Map.Shared.csproj", "{05EC28B1-649F-4B41-8C10-7DEB64A0E2A9}"
EndProject
Global
	GlobalSection(SolutionConfigurationPlatforms) = preSolution
		Debug|Any CPU = Debug|Any CPU
		Release|Any CPU = Release|Any CPU
	EndGlobalSection
	GlobalSection(ProjectConfigurationPlatforms) = postSolution
		{82622622-A87D-41B2-ACF6-EBBA64008429}.Debug|Any CPU.ActiveCfg = Debug|Any CPU
		{82622622-A87D-41B2-ACF6-EBBA64008429}.Debug|Any CPU.Build.0 = Debug|Any CPU
		{82622622-A87D-41B2-ACF6-EBBA64008429}.Release|Any CPU.ActiveCfg = Release|Any CPU
		{82622622-A87D-41B2-ACF6-EBBA64008429}.Release|Any CPU.Build.0 = Release|Any CPU
		{34210D09-66B4-4BE6-9279-617D0BBA71A0}.Debug|Any CPU.ActiveCfg = Debug|Any CPU
		{34210D09-66B4-4BE6-9279-617D0BBA71A0}.Debug|Any CPU.Build.0 = Debug|Any CPU
		{34210D09-66B4-4BE6-9279-617D0BBA71A0}.Release|Any CPU.ActiveCfg = Release|Any CPU
		{34210D09-66B4-4BE6-9279-617D0BBA71A0}.Release|Any CPU.Build.0 = Release|Any CPU
		{89775E07-A478-47B4-879D-722129FBDE91}.Debug|Any CPU.ActiveCfg = Debug|Any CPU
		{89775E07-A478-47B4-879D-722129FBDE91}.Debug|Any CPU.Build.0 = Debug|Any CPU
		{89775E07-A478-47B4-879D-722129FBDE91}.Release|Any CPU.ActiveCfg = Release|Any CPU
		{89775E07-A478-47B4-879D-722129FBDE91}.Release|Any CPU.Build.0 = Release|Any CPU
		{3FC42D0F-4204-452D-A504-16B18A658539}.Debug|Any CPU.ActiveCfg = Debug|Any CPU
		{3FC42D0F-4204-452D-A504-16B18A658539}.Debug|Any CPU.Build.0 = Debug|Any CPU
		{3FC42D0F-4204-452D-A504-16B18A658539}.Release|Any CPU.ActiveCfg = Release|Any CPU
		{3FC42D0F-4204-452D-A504-16B18A658539}.Release|Any CPU.Build.0 = Release|Any CPU
		{1EAE346D-F78E-4E86-BBFF-5DF28755E1D1}.Debug|Any CPU.ActiveCfg = Debug|Any CPU
		{1EAE346D-F78E-4E86-BBFF-5DF28755E1D1}.Debug|Any CPU.Build.0 = Debug|Any CPU
		{1EAE346D-F78E-4E86-BBFF-5DF28755E1D1}.Release|Any CPU.ActiveCfg = Release|Any CPU
		{1EAE346D-F78E-4E86-BBFF-5DF28755E1D1}.Release|Any CPU.Build.0 = Release|Any CPU
		{05EC28B1-649F-4B41-8C10-7DEB64A0E2A9}.Debug|Any CPU.ActiveCfg = Debug|Any CPU
		{05EC28B1-649F-4B41-8C10-7DEB64A0E2A9}.Debug|Any CPU.Build.0 = Debug|Any CPU
		{05EC28B1-649F-4B41-8C10-7DEB64A0E2A9}.Release|Any CPU.ActiveCfg = Release|Any CPU
		{05EC28B1-649F-4B41-8C10-7DEB64A0E2A9}.Release|Any CPU.Build.0 = Release|Any CPU
	EndGlobalSection
	GlobalSection(NestedProjects) = preSolution
		{82622622-A87D-41B2-ACF6-EBBA64008429} = {82D4E60C-3439-4931-B15C-4B2215A7195B}
		{34210D09-66B4-4BE6-9279-617D0BBA71A0} = {4BE95F45-B80C-42B1-9315-EE6C5ACBAFB7}
		{89775E07-A478-47B4-879D-722129FBDE91} = {4BE95F45-B80C-42B1-9315-EE6C5ACBAFB7}
		{3FC42D0F-4204-452D-A504-16B18A658539} = {82D4E60C-3439-4931-B15C-4B2215A7195B}
		{05EC28B1-649F-4B41-8C10-7DEB64A0E2A9} = {82D4E60C-3439-4931-B15C-4B2215A7195B}
	EndGlobalSection
EndGlobal
